// !$*UTF8*$!
{
	archiveVersion = 1;
	classes = {
	};
	objectVersion = 55;
	objects = {

/* Begin PBXBuildFile section */
		709F24AE272226D100657E79 /* Tests_iOS.swift in Sources */ = {isa = PBXBuildFile; fileRef = 709F24AD272226D100657E79 /* Tests_iOS.swift */; };
		709F24B0272226D100657E79 /* Tests_iOSLaunchTests.swift in Sources */ = {isa = PBXBuildFile; fileRef = 709F24AF272226D100657E79 /* Tests_iOSLaunchTests.swift */; };
		709F24BA272226D100657E79 /* Tests_macOS.swift in Sources */ = {isa = PBXBuildFile; fileRef = 709F24B9272226D100657E79 /* Tests_macOS.swift */; };
		709F24BC272226D100657E79 /* Tests_macOSLaunchTests.swift in Sources */ = {isa = PBXBuildFile; fileRef = 709F24BB272226D100657E79 /* Tests_macOSLaunchTests.swift */; };
		709F24BD272226D100657E79 /* _12Pantry.xcdatamodeld in Sources */ = {isa = PBXBuildFile; fileRef = 709F2492272226CF00657E79 /* _12Pantry.xcdatamodeld */; };
		709F24BE272226D100657E79 /* _12Pantry.xcdatamodeld in Sources */ = {isa = PBXBuildFile; fileRef = 709F2492272226CF00657E79 /* _12Pantry.xcdatamodeld */; };
		709F24BF272226D100657E79 /* _12PantryApp.swift in Sources */ = {isa = PBXBuildFile; fileRef = 709F2494272226CF00657E79 /* _12PantryApp.swift */; };
		709F24C0272226D100657E79 /* _12PantryApp.swift in Sources */ = {isa = PBXBuildFile; fileRef = 709F2494272226CF00657E79 /* _12PantryApp.swift */; };
		709F24C1272226D100657E79 /* ContentView.swift in Sources */ = {isa = PBXBuildFile; fileRef = 709F2495272226CF00657E79 /* ContentView.swift */; };
		709F24C2272226D100657E79 /* ContentView.swift in Sources */ = {isa = PBXBuildFile; fileRef = 709F2495272226CF00657E79 /* ContentView.swift */; };
		709F24C3272226D100657E79 /* Persistence.swift in Sources */ = {isa = PBXBuildFile; fileRef = 709F2496272226CF00657E79 /* Persistence.swift */; };
		709F24C4272226D100657E79 /* Persistence.swift in Sources */ = {isa = PBXBuildFile; fileRef = 709F2496272226CF00657E79 /* Persistence.swift */; };
		709F24C5272226D100657E79 /* Assets.xcassets in Resources */ = {isa = PBXBuildFile; fileRef = 709F2497272226D100657E79 /* Assets.xcassets */; };
		709F24C6272226D100657E79 /* Assets.xcassets in Resources */ = {isa = PBXBuildFile; fileRef = 709F2497272226D100657E79 /* Assets.xcassets */; };
/* End PBXBuildFile section */

/* Begin PBXContainerItemProxy section */
		709F24AA272226D100657E79 /* PBXContainerItemProxy */ = {
			isa = PBXContainerItemProxy;
			containerPortal = 709F248D272226CF00657E79 /* Project object */;
			proxyType = 1;
			remoteGlobalIDString = 709F249B272226D100657E79;
			remoteInfo = "312Pantry (iOS)";
		};
		709F24B6272226D100657E79 /* PBXContainerItemProxy */ = {
			isa = PBXContainerItemProxy;
			containerPortal = 709F248D272226CF00657E79 /* Project object */;
			proxyType = 1;
			remoteGlobalIDString = 709F24A1272226D100657E79;
			remoteInfo = "312Pantry (macOS)";
		};
/* End PBXContainerItemProxy section */

/* Begin PBXFileReference section */
		709F2493272226CF00657E79 /* Shared.xcdatamodel */ = {isa = PBXFileReference; lastKnownFileType = wrapper.xcdatamodel; path = Shared.xcdatamodel; sourceTree = "<group>"; };
		709F2494272226CF00657E79 /* _12PantryApp.swift */ = {isa = PBXFileReference; lastKnownFileType = sourcecode.swift; path = _12PantryApp.swift; sourceTree = "<group>"; };
		709F2495272226CF00657E79 /* ContentView.swift */ = {isa = PBXFileReference; lastKnownFileType = sourcecode.swift; path = ContentView.swift; sourceTree = "<group>"; };
		709F2496272226CF00657E79 /* Persistence.swift */ = {isa = PBXFileReference; lastKnownFileType = sourcecode.swift; path = Persistence.swift; sourceTree = "<group>"; };
		709F2497272226D100657E79 /* Assets.xcassets */ = {isa = PBXFileReference; lastKnownFileType = folder.assetcatalog; path = Assets.xcassets; sourceTree = "<group>"; };
		709F249C272226D100657E79 /* 312Pantry.app */ = {isa = PBXFileReference; explicitFileType = wrapper.application; includeInIndex = 0; path = 312Pantry.app; sourceTree = BUILT_PRODUCTS_DIR; };
		709F24A2272226D100657E79 /* 312Pantry.app */ = {isa = PBXFileReference; explicitFileType = wrapper.application; includeInIndex = 0; path = 312Pantry.app; sourceTree = BUILT_PRODUCTS_DIR; };
		709F24A4272226D100657E79 /* macOS.entitlements */ = {isa = PBXFileReference; lastKnownFileType = text.plist.entitlements; path = macOS.entitlements; sourceTree = "<group>"; };
		709F24A9272226D100657E79 /* Tests iOS.xctest */ = {isa = PBXFileReference; explicitFileType = wrapper.cfbundle; includeInIndex = 0; path = "Tests iOS.xctest"; sourceTree = BUILT_PRODUCTS_DIR; };
		709F24AD272226D100657E79 /* Tests_iOS.swift */ = {isa = PBXFileReference; lastKnownFileType = sourcecode.swift; path = Tests_iOS.swift; sourceTree = "<group>"; };
		709F24AF272226D100657E79 /* Tests_iOSLaunchTests.swift */ = {isa = PBXFileReference; lastKnownFileType = sourcecode.swift; path = Tests_iOSLaunchTests.swift; sourceTree = "<group>"; };
		709F24B5272226D100657E79 /* Tests macOS.xctest */ = {isa = PBXFileReference; explicitFileType = wrapper.cfbundle; includeInIndex = 0; path = "Tests macOS.xctest"; sourceTree = BUILT_PRODUCTS_DIR; };
		709F24B9272226D100657E79 /* Tests_macOS.swift */ = {isa = PBXFileReference; lastKnownFileType = sourcecode.swift; path = Tests_macOS.swift; sourceTree = "<group>"; };
		709F24BB272226D100657E79 /* Tests_macOSLaunchTests.swift */ = {isa = PBXFileReference; lastKnownFileType = sourcecode.swift; path = Tests_macOSLaunchTests.swift; sourceTree = "<group>"; };
/* End PBXFileReference section */

/* Begin PBXFrameworksBuildPhase section */
		709F2499272226D100657E79 /* Frameworks */ = {
			isa = PBXFrameworksBuildPhase;
			buildActionMask = 2147483647;
			files = (
			);
			runOnlyForDeploymentPostprocessing = 0;
		};
		709F249F272226D100657E79 /* Frameworks */ = {
			isa = PBXFrameworksBuildPhase;
			buildActionMask = 2147483647;
			files = (
			);
			runOnlyForDeploymentPostprocessing = 0;
		};
		709F24A6272226D100657E79 /* Frameworks */ = {
			isa = PBXFrameworksBuildPhase;
			buildActionMask = 2147483647;
			files = (
			);
			runOnlyForDeploymentPostprocessing = 0;
		};
		709F24B2272226D100657E79 /* Frameworks */ = {
			isa = PBXFrameworksBuildPhase;
			buildActionMask = 2147483647;
			files = (
			);
			runOnlyForDeploymentPostprocessing = 0;
		};
/* End PBXFrameworksBuildPhase section */

/* Begin PBXGroup section */
		709F248C272226CF00657E79 = {
			isa = PBXGroup;
			children = (
				709F2491272226CF00657E79 /* Shared */,
				709F24A3272226D100657E79 /* macOS */,
				709F24AC272226D100657E79 /* Tests iOS */,
				709F24B8272226D100657E79 /* Tests macOS */,
				709F249D272226D100657E79 /* Products */,
			);
			sourceTree = "<group>";
		};
		709F2491272226CF00657E79 /* Shared */ = {
			isa = PBXGroup;
			children = (
				709F2494272226CF00657E79 /* _12PantryApp.swift */,
				709F2495272226CF00657E79 /* ContentView.swift */,
				709F2496272226CF00657E79 /* Persistence.swift */,
				709F2497272226D100657E79 /* Assets.xcassets */,
				709F2492272226CF00657E79 /* _12Pantry.xcdatamodeld */,
			);
			path = Shared;
			sourceTree = "<group>";
		};
		709F249D272226D100657E79 /* Products */ = {
			isa = PBXGroup;
			children = (
				709F249C272226D100657E79 /* 312Pantry.app */,
				709F24A2272226D100657E79 /* 312Pantry.app */,
				709F24A9272226D100657E79 /* Tests iOS.xctest */,
				709F24B5272226D100657E79 /* Tests macOS.xctest */,
			);
			name = Products;
			sourceTree = "<group>";
		};
		709F24A3272226D100657E79 /* macOS */ = {
			isa = PBXGroup;
			children = (
				709F24A4272226D100657E79 /* macOS.entitlements */,
			);
			path = macOS;
			sourceTree = "<group>";
		};
		709F24AC272226D100657E79 /* Tests iOS */ = {
			isa = PBXGroup;
			children = (
				709F24AD272226D100657E79 /* Tests_iOS.swift */,
				709F24AF272226D100657E79 /* Tests_iOSLaunchTests.swift */,
			);
			path = "Tests iOS";
			sourceTree = "<group>";
		};
		709F24B8272226D100657E79 /* Tests macOS */ = {
			isa = PBXGroup;
			children = (
				709F24B9272226D100657E79 /* Tests_macOS.swift */,
				709F24BB272226D100657E79 /* Tests_macOSLaunchTests.swift */,
			);
			path = "Tests macOS";
			sourceTree = "<group>";
		};
/* End PBXGroup section */

/* Begin PBXNativeTarget section */
		709F249B272226D100657E79 /* 312Pantry (iOS) */ = {
			isa = PBXNativeTarget;
			buildConfigurationList = 709F24C9272226D100657E79 /* Build configuration list for PBXNativeTarget "312Pantry (iOS)" */;
			buildPhases = (
				709F2498272226D100657E79 /* Sources */,
				709F2499272226D100657E79 /* Frameworks */,
				709F249A272226D100657E79 /* Resources */,
			);
			buildRules = (
			);
			dependencies = (
			);
			name = "312Pantry (iOS)";
			productName = "312Pantry (iOS)";
			productReference = 709F249C272226D100657E79 /* 312Pantry.app */;
			productType = "com.apple.product-type.application";
		};
		709F24A1272226D100657E79 /* 312Pantry (macOS) */ = {
			isa = PBXNativeTarget;
			buildConfigurationList = 709F24CC272226D100657E79 /* Build configuration list for PBXNativeTarget "312Pantry (macOS)" */;
			buildPhases = (
				709F249E272226D100657E79 /* Sources */,
				709F249F272226D100657E79 /* Frameworks */,
				709F24A0272226D100657E79 /* Resources */,
			);
			buildRules = (
			);
			dependencies = (
			);
			name = "312Pantry (macOS)";
			productName = "312Pantry (macOS)";
			productReference = 709F24A2272226D100657E79 /* 312Pantry.app */;
			productType = "com.apple.product-type.application";
		};
		709F24A8272226D100657E79 /* Tests iOS */ = {
			isa = PBXNativeTarget;
			buildConfigurationList = 709F24CF272226D100657E79 /* Build configuration list for PBXNativeTarget "Tests iOS" */;
			buildPhases = (
				709F24A5272226D100657E79 /* Sources */,
				709F24A6272226D100657E79 /* Frameworks */,
				709F24A7272226D100657E79 /* Resources */,
			);
			buildRules = (
			);
			dependencies = (
				709F24AB272226D100657E79 /* PBXTargetDependency */,
			);
			name = "Tests iOS";
			productName = "Tests iOS";
			productReference = 709F24A9272226D100657E79 /* Tests iOS.xctest */;
			productType = "com.apple.product-type.bundle.ui-testing";
		};
		709F24B4272226D100657E79 /* Tests macOS */ = {
			isa = PBXNativeTarget;
			buildConfigurationList = 709F24D2272226D100657E79 /* Build configuration list for PBXNativeTarget "Tests macOS" */;
			buildPhases = (
				709F24B1272226D100657E79 /* Sources */,
				709F24B2272226D100657E79 /* Frameworks */,
				709F24B3272226D100657E79 /* Resources */,
			);
			buildRules = (
			);
			dependencies = (
				709F24B7272226D100657E79 /* PBXTargetDependency */,
			);
			name = "Tests macOS";
			productName = "Tests macOS";
			productReference = 709F24B5272226D100657E79 /* Tests macOS.xctest */;
			productType = "com.apple.product-type.bundle.ui-testing";
		};
/* End PBXNativeTarget section */

/* Begin PBXProject section */
		709F248D272226CF00657E79 /* Project object */ = {
			isa = PBXProject;
			attributes = {
				BuildIndependentTargetsInParallel = 1;
				LastSwiftUpdateCheck = 1300;
				LastUpgradeCheck = 1300;
				TargetAttributes = {
					709F249B272226D100657E79 = {
						CreatedOnToolsVersion = 13.0;
					};
					709F24A1272226D100657E79 = {
						CreatedOnToolsVersion = 13.0;
					};
					709F24A8272226D100657E79 = {
						CreatedOnToolsVersion = 13.0;
						TestTargetID = 709F249B272226D100657E79;
					};
					709F24B4272226D100657E79 = {
						CreatedOnToolsVersion = 13.0;
						TestTargetID = 709F24A1272226D100657E79;
					};
				};
			};
			buildConfigurationList = 709F2490272226CF00657E79 /* Build configuration list for PBXProject "312Pantry" */;
			compatibilityVersion = "Xcode 13.0";
			developmentRegion = en;
			hasScannedForEncodings = 0;
			knownRegions = (
				en,
				Base,
			);
			mainGroup = 709F248C272226CF00657E79;
			productRefGroup = 709F249D272226D100657E79 /* Products */;
			projectDirPath = "";
			projectRoot = "";
			targets = (
				709F249B272226D100657E79 /* 312Pantry (iOS) */,
				709F24A1272226D100657E79 /* 312Pantry (macOS) */,
				709F24A8272226D100657E79 /* Tests iOS */,
				709F24B4272226D100657E79 /* Tests macOS */,
			);
		};
/* End PBXProject section */

/* Begin PBXResourcesBuildPhase section */
		709F249A272226D100657E79 /* Resources */ = {
			isa = PBXResourcesBuildPhase;
			buildActionMask = 2147483647;
			files = (
				709F24C5272226D100657E79 /* Assets.xcassets in Resources */,
			);
			runOnlyForDeploymentPostprocessing = 0;
		};
		709F24A0272226D100657E79 /* Resources */ = {
			isa = PBXResourcesBuildPhase;
			buildActionMask = 2147483647;
			files = (
				709F24C6272226D100657E79 /* Assets.xcassets in Resources */,
			);
			runOnlyForDeploymentPostprocessing = 0;
		};
		709F24A7272226D100657E79 /* Resources */ = {
			isa = PBXResourcesBuildPhase;
			buildActionMask = 2147483647;
			files = (
			);
			runOnlyForDeploymentPostprocessing = 0;
		};
		709F24B3272226D100657E79 /* Resources */ = {
			isa = PBXResourcesBuildPhase;
			buildActionMask = 2147483647;
			files = (
			);
			runOnlyForDeploymentPostprocessing = 0;
		};
/* End PBXResourcesBuildPhase section */

/* Begin PBXSourcesBuildPhase section */
		709F2498272226D100657E79 /* Sources */ = {
			isa = PBXSourcesBuildPhase;
			buildActionMask = 2147483647;
			files = (
				709F24BF272226D100657E79 /* _12PantryApp.swift in Sources */,
				709F24C3272226D100657E79 /* Persistence.swift in Sources */,
				709F24BD272226D100657E79 /* _12Pantry.xcdatamodeld in Sources */,
				709F24C1272226D100657E79 /* ContentView.swift in Sources */,
			);
			runOnlyForDeploymentPostprocessing = 0;
		};
		709F249E272226D100657E79 /* Sources */ = {
			isa = PBXSourcesBuildPhase;
			buildActionMask = 2147483647;
			files = (
				709F24C0272226D100657E79 /* _12PantryApp.swift in Sources */,
				709F24C4272226D100657E79 /* Persistence.swift in Sources */,
				709F24BE272226D100657E79 /* _12Pantry.xcdatamodeld in Sources */,
				709F24C2272226D100657E79 /* ContentView.swift in Sources */,
			);
			runOnlyForDeploymentPostprocessing = 0;
		};
		709F24A5272226D100657E79 /* Sources */ = {
			isa = PBXSourcesBuildPhase;
			buildActionMask = 2147483647;
			files = (
				709F24B0272226D100657E79 /* Tests_iOSLaunchTests.swift in Sources */,
				709F24AE272226D100657E79 /* Tests_iOS.swift in Sources */,
			);
			runOnlyForDeploymentPostprocessing = 0;
		};
		709F24B1272226D100657E79 /* Sources */ = {
			isa = PBXSourcesBuildPhase;
			buildActionMask = 2147483647;
			files = (
				709F24BC272226D100657E79 /* Tests_macOSLaunchTests.swift in Sources */,
				709F24BA272226D100657E79 /* Tests_macOS.swift in Sources */,
			);
			runOnlyForDeploymentPostprocessing = 0;
		};
/* End PBXSourcesBuildPhase section */

/* Begin PBXTargetDependency section */
		709F24AB272226D100657E79 /* PBXTargetDependency */ = {
			isa = PBXTargetDependency;
			target = 709F249B272226D100657E79 /* 312Pantry (iOS) */;
			targetProxy = 709F24AA272226D100657E79 /* PBXContainerItemProxy */;
		};
		709F24B7272226D100657E79 /* PBXTargetDependency */ = {
			isa = PBXTargetDependency;
			target = 709F24A1272226D100657E79 /* 312Pantry (macOS) */;
			targetProxy = 709F24B6272226D100657E79 /* PBXContainerItemProxy */;
		};
/* End PBXTargetDependency section */

/* Begin XCBuildConfiguration section */
		709F24C7272226D100657E79 /* Debug */ = {
			isa = XCBuildConfiguration;
			buildSettings = {
				ALWAYS_SEARCH_USER_PATHS = NO;
				CLANG_ANALYZER_NONNULL = YES;
				CLANG_ANALYZER_NUMBER_OBJECT_CONVERSION = YES_AGGRESSIVE;
				CLANG_CXX_LANGUAGE_STANDARD = "gnu++17";
				CLANG_CXX_LIBRARY = "libc++";
				CLANG_ENABLE_MODULES = YES;
				CLANG_ENABLE_OBJC_ARC = YES;
				CLANG_ENABLE_OBJC_WEAK = YES;
				CLANG_WARN_BLOCK_CAPTURE_AUTORELEASING = YES;
				CLANG_WARN_BOOL_CONVERSION = YES;
				CLANG_WARN_COMMA = YES;
				CLANG_WARN_CONSTANT_CONVERSION = YES;
				CLANG_WARN_DEPRECATED_OBJC_IMPLEMENTATIONS = YES;
				CLANG_WARN_DIRECT_OBJC_ISA_USAGE = YES_ERROR;
				CLANG_WARN_DOCUMENTATION_COMMENTS = YES;
				CLANG_WARN_EMPTY_BODY = YES;
				CLANG_WARN_ENUM_CONVERSION = YES;
				CLANG_WARN_INFINITE_RECURSION = YES;
				CLANG_WARN_INT_CONVERSION = YES;
				CLANG_WARN_NON_LITERAL_NULL_CONVERSION = YES;
				CLANG_WARN_OBJC_IMPLICIT_RETAIN_SELF = YES;
				CLANG_WARN_OBJC_LITERAL_CONVERSION = YES;
				CLANG_WARN_OBJC_ROOT_CLASS = YES_ERROR;
				CLANG_WARN_QUOTED_INCLUDE_IN_FRAMEWORK_HEADER = YES;
				CLANG_WARN_RANGE_LOOP_ANALYSIS = YES;
				CLANG_WARN_STRICT_PROTOTYPES = YES;
				CLANG_WARN_SUSPICIOUS_MOVE = YES;
				CLANG_WARN_UNGUARDED_AVAILABILITY = YES_AGGRESSIVE;
				CLANG_WARN_UNREACHABLE_CODE = YES;
				CLANG_WARN__DUPLICATE_METHOD_MATCH = YES;
				COPY_PHASE_STRIP = NO;
				DEBUG_INFORMATION_FORMAT = dwarf;
				ENABLE_STRICT_OBJC_MSGSEND = YES;
				ENABLE_TESTABILITY = YES;
				GCC_C_LANGUAGE_STANDARD = gnu11;
				GCC_DYNAMIC_NO_PIC = NO;
				GCC_NO_COMMON_BLOCKS = YES;
				GCC_OPTIMIZATION_LEVEL = 0;
				GCC_PREPROCESSOR_DEFINITIONS = (
					"DEBUG=1",
					"$(inherited)",
				);
				GCC_WARN_64_TO_32_BIT_CONVERSION = YES;
				GCC_WARN_ABOUT_RETURN_TYPE = YES_ERROR;
				GCC_WARN_UNDECLARED_SELECTOR = YES;
				GCC_WARN_UNINITIALIZED_AUTOS = YES_AGGRESSIVE;
				GCC_WARN_UNUSED_FUNCTION = YES;
				GCC_WARN_UNUSED_VARIABLE = YES;
				MTL_ENABLE_DEBUG_INFO = INCLUDE_SOURCE;
				MTL_FAST_MATH = YES;
				ONLY_ACTIVE_ARCH = YES;
				SWIFT_ACTIVE_COMPILATION_CONDITIONS = DEBUG;
				SWIFT_OPTIMIZATION_LEVEL = "-Onone";
			};
			name = Debug;
		};
		709F24C8272226D100657E79 /* Release */ = {
			isa = XCBuildConfiguration;
			buildSettings = {
				ALWAYS_SEARCH_USER_PATHS = NO;
				CLANG_ANALYZER_NONNULL = YES;
				CLANG_ANALYZER_NUMBER_OBJECT_CONVERSION = YES_AGGRESSIVE;
				CLANG_CXX_LANGUAGE_STANDARD = "gnu++17";
				CLANG_CXX_LIBRARY = "libc++";
				CLANG_ENABLE_MODULES = YES;
				CLANG_ENABLE_OBJC_ARC = YES;
				CLANG_ENABLE_OBJC_WEAK = YES;
				CLANG_WARN_BLOCK_CAPTURE_AUTORELEASING = YES;
				CLANG_WARN_BOOL_CONVERSION = YES;
				CLANG_WARN_COMMA = YES;
				CLANG_WARN_CONSTANT_CONVERSION = YES;
				CLANG_WARN_DEPRECATED_OBJC_IMPLEMENTATIONS = YES;
				CLANG_WARN_DIRECT_OBJC_ISA_USAGE = YES_ERROR;
				CLANG_WARN_DOCUMENTATION_COMMENTS = YES;
				CLANG_WARN_EMPTY_BODY = YES;
				CLANG_WARN_ENUM_CONVERSION = YES;
				CLANG_WARN_INFINITE_RECURSION = YES;
				CLANG_WARN_INT_CONVERSION = YES;
				CLANG_WARN_NON_LITERAL_NULL_CONVERSION = YES;
				CLANG_WARN_OBJC_IMPLICIT_RETAIN_SELF = YES;
				CLANG_WARN_OBJC_LITERAL_CONVERSION = YES;
				CLANG_WARN_OBJC_ROOT_CLASS = YES_ERROR;
				CLANG_WARN_QUOTED_INCLUDE_IN_FRAMEWORK_HEADER = YES;
				CLANG_WARN_RANGE_LOOP_ANALYSIS = YES;
				CLANG_WARN_STRICT_PROTOTYPES = YES;
				CLANG_WARN_SUSPICIOUS_MOVE = YES;
				CLANG_WARN_UNGUARDED_AVAILABILITY = YES_AGGRESSIVE;
				CLANG_WARN_UNREACHABLE_CODE = YES;
				CLANG_WARN__DUPLICATE_METHOD_MATCH = YES;
				COPY_PHASE_STRIP = NO;
				DEBUG_INFORMATION_FORMAT = "dwarf-with-dsym";
				ENABLE_NS_ASSERTIONS = NO;
				ENABLE_STRICT_OBJC_MSGSEND = YES;
				GCC_C_LANGUAGE_STANDARD = gnu11;
				GCC_NO_COMMON_BLOCKS = YES;
				GCC_WARN_64_TO_32_BIT_CONVERSION = YES;
				GCC_WARN_ABOUT_RETURN_TYPE = YES_ERROR;
				GCC_WARN_UNDECLARED_SELECTOR = YES;
				GCC_WARN_UNINITIALIZED_AUTOS = YES_AGGRESSIVE;
				GCC_WARN_UNUSED_FUNCTION = YES;
				GCC_WARN_UNUSED_VARIABLE = YES;
				MTL_ENABLE_DEBUG_INFO = NO;
				MTL_FAST_MATH = YES;
				SWIFT_COMPILATION_MODE = wholemodule;
				SWIFT_OPTIMIZATION_LEVEL = "-O";
			};
			name = Release;
		};
		709F24CA272226D100657E79 /* Debug */ = {
			isa = XCBuildConfiguration;
			buildSettings = {
				ASSETCATALOG_COMPILER_APPICON_NAME = AppIcon;
				ASSETCATALOG_COMPILER_GLOBAL_ACCENT_COLOR_NAME = AccentColor;
				CODE_SIGN_STYLE = Automatic;
				CURRENT_PROJECT_VERSION = 1;
				DEVELOPMENT_TEAM = F6W4X4NA3Q;
				ENABLE_PREVIEWS = YES;
				GENERATE_INFOPLIST_FILE = YES;
				INFOPLIST_KEY_UIApplicationSceneManifest_Generation = YES;
				INFOPLIST_KEY_UIApplicationSupportsIndirectInputEvents = YES;
				INFOPLIST_KEY_UILaunchScreen_Generation = YES;
				INFOPLIST_KEY_UISupportedInterfaceOrientations_iPad = "UIInterfaceOrientationPortrait UIInterfaceOrientationPortraitUpsideDown UIInterfaceOrientationLandscapeLeft UIInterfaceOrientationLandscapeRight";
				INFOPLIST_KEY_UISupportedInterfaceOrientations_iPhone = "UIInterfaceOrientationPortrait UIInterfaceOrientationLandscapeLeft UIInterfaceOrientationLandscapeRight";
				IPHONEOS_DEPLOYMENT_TARGET = 14.0;
				LD_RUNPATH_SEARCH_PATHS = (
					"$(inherited)",
					"@executable_path/Frameworks",
				);
				MARKETING_VERSION = 1.0;
				PRODUCT_BUNDLE_IDENTIFIER = "-12PPantry.-12Pantry";
				PRODUCT_NAME = 312Pantry;
				SDKROOT = iphoneos;
				SWIFT_EMIT_LOC_STRINGS = YES;
				SWIFT_VERSION = 5.0;
				TARGETED_DEVICE_FAMILY = "1,2";
			};
			name = Debug;
		};
		709F24CB272226D100657E79 /* Release */ = {
			isa = XCBuildConfiguration;
			buildSettings = {
				ASSETCATALOG_COMPILER_APPICON_NAME = AppIcon;
				ASSETCATALOG_COMPILER_GLOBAL_ACCENT_COLOR_NAME = AccentColor;
				CODE_SIGN_STYLE = Automatic;
				CURRENT_PROJECT_VERSION = 1;
				DEVELOPMENT_TEAM = F6W4X4NA3Q;
				ENABLE_PREVIEWS = YES;
				GENERATE_INFOPLIST_FILE = YES;
				INFOPLIST_KEY_UIApplicationSceneManifest_Generation = YES;
				INFOPLIST_KEY_UIApplicationSupportsIndirectInputEvents = YES;
				INFOPLIST_KEY_UILaunchScreen_Generation = YES;
				INFOPLIST_KEY_UISupportedInterfaceOrientations_iPad = "UIInterfaceOrientationPortrait UIInterfaceOrientationPortraitUpsideDown UIInterfaceOrientationLandscapeLeft UIInterfaceOrientationLandscapeRight";
				INFOPLIST_KEY_UISupportedInterfaceOrientations_iPhone = "UIInterfaceOrientationPortrait UIInterfaceOrientationLandscapeLeft UIInterfaceOrientationLandscapeRight";
				IPHONEOS_DEPLOYMENT_TARGET = 14.0;
				LD_RUNPATH_SEARCH_PATHS = (
					"$(inherited)",
					"@executable_path/Frameworks",
				);
				MARKETING_VERSION = 1.0;
				PRODUCT_BUNDLE_IDENTIFIER = "-12PPantry.-12Pantry";
				PRODUCT_NAME = 312Pantry;
				SDKROOT = iphoneos;
				SWIFT_EMIT_LOC_STRINGS = YES;
				SWIFT_VERSION = 5.0;
				TARGETED_DEVICE_FAMILY = "1,2";
				VALIDATE_PRODUCT = YES;
			};
			name = Release;
		};
		709F24CD272226D100657E79 /* Debug */ = {
			isa = XCBuildConfiguration;
			buildSettings = {
				ASSETCATALOG_COMPILER_APPICON_NAME = AppIcon;
				ASSETCATALOG_COMPILER_GLOBAL_ACCENT_COLOR_NAME = AccentColor;
				CODE_SIGN_ENTITLEMENTS = macOS/macOS.entitlements;
				CODE_SIGN_STYLE = Automatic;
				COMBINE_HIDPI_IMAGES = YES;
				CURRENT_PROJECT_VERSION = 1;
				DEVELOPMENT_TEAM = F6W4X4NA3Q;
				ENABLE_HARDENED_RUNTIME = YES;
				ENABLE_PREVIEWS = YES;
				GENERATE_INFOPLIST_FILE = YES;
				INFOPLIST_KEY_NSHumanReadableCopyright = "";
				LD_RUNPATH_SEARCH_PATHS = (
					"$(inherited)",
					"@executable_path/../Frameworks",
				);
				MACOSX_DEPLOYMENT_TARGET = 11.0;
				MARKETING_VERSION = 1.0;
				PRODUCT_BUNDLE_IDENTIFIER = "-12PPantry.-12Pantry";
				PRODUCT_NAME = 312Pantry;
				SDKROOT = macosx;
				SWIFT_EMIT_LOC_STRINGS = YES;
				SWIFT_VERSION = 5.0;
			};
			name = Debug;
		};
		709F24CE272226D100657E79 /* Release */ = {
			isa = XCBuildConfiguration;
			buildSettings = {
				ASSETCATALOG_COMPILER_APPICON_NAME = AppIcon;
				ASSETCATALOG_COMPILER_GLOBAL_ACCENT_COLOR_NAME = AccentColor;
				CODE_SIGN_ENTITLEMENTS = macOS/macOS.entitlements;
				CODE_SIGN_STYLE = Automatic;
				COMBINE_HIDPI_IMAGES = YES;
				CURRENT_PROJECT_VERSION = 1;
				DEVELOPMENT_TEAM = F6W4X4NA3Q;
				ENABLE_HARDENED_RUNTIME = YES;
				ENABLE_PREVIEWS = YES;
				GENERATE_INFOPLIST_FILE = YES;
				INFOPLIST_KEY_NSHumanReadableCopyright = "";
				LD_RUNPATH_SEARCH_PATHS = (
					"$(inherited)",
					"@executable_path/../Frameworks",
				);
				MACOSX_DEPLOYMENT_TARGET = 11.0;
				MARKETING_VERSION = 1.0;
				PRODUCT_BUNDLE_IDENTIFIER = "-12PPantry.-12Pantry";
				PRODUCT_NAME = 312Pantry;
				SDKROOT = macosx;
				SWIFT_EMIT_LOC_STRINGS = YES;
				SWIFT_VERSION = 5.0;
			};
			name = Release;
		};
		709F24D0272226D100657E79 /* Debug */ = {
			isa = XCBuildConfiguration;
			buildSettings = {
				ALWAYS_EMBED_SWIFT_STANDARD_LIBRARIES = YES;
				CODE_SIGN_STYLE = Automatic;
				CURRENT_PROJECT_VERSION = 1;
				DEVELOPMENT_TEAM = F6W4X4NA3Q;
				GENERATE_INFOPLIST_FILE = YES;
				IPHONEOS_DEPLOYMENT_TARGET = 15.0;
				LD_RUNPATH_SEARCH_PATHS = (
					"$(inherited)",
					"@executable_path/Frameworks",
					"@loader_path/Frameworks",
				);
				MARKETING_VERSION = 1.0;
				PRODUCT_BUNDLE_IDENTIFIER = "-12PPantry.Tests-iOS";
				PRODUCT_NAME = "$(TARGET_NAME)";
				SDKROOT = iphoneos;
				SWIFT_EMIT_LOC_STRINGS = NO;
				SWIFT_VERSION = 5.0;
				TARGETED_DEVICE_FAMILY = "1,2";
				TEST_TARGET_NAME = "312Pantry (iOS)";
			};
			name = Debug;
		};
		709F24D1272226D100657E79 /* Release */ = {
			isa = XCBuildConfiguration;
			buildSettings = {
				ALWAYS_EMBED_SWIFT_STANDARD_LIBRARIES = YES;
				CODE_SIGN_STYLE = Automatic;
				CURRENT_PROJECT_VERSION = 1;
				DEVELOPMENT_TEAM = F6W4X4NA3Q;
				GENERATE_INFOPLIST_FILE = YES;
				IPHONEOS_DEPLOYMENT_TARGET = 15.0;
				LD_RUNPATH_SEARCH_PATHS = (
					"$(inherited)",
					"@executable_path/Frameworks",
					"@loader_path/Frameworks",
				);
				MARKETING_VERSION = 1.0;
				PRODUCT_BUNDLE_IDENTIFIER = "-12PPantry.Tests-iOS";
				PRODUCT_NAME = "$(TARGET_NAME)";
				SDKROOT = iphoneos;
				SWIFT_EMIT_LOC_STRINGS = NO;
				SWIFT_VERSION = 5.0;
				TARGETED_DEVICE_FAMILY = "1,2";
				TEST_TARGET_NAME = "312Pantry (iOS)";
				VALIDATE_PRODUCT = YES;
			};
			name = Release;
		};
		709F24D3272226D100657E79 /* Debug */ = {
			isa = XCBuildConfiguration;
			buildSettings = {
				ALWAYS_EMBED_SWIFT_STANDARD_LIBRARIES = YES;
				CODE_SIGN_STYLE = Automatic;
				COMBINE_HIDPI_IMAGES = YES;
				CURRENT_PROJECT_VERSION = 1;
				DEVELOPMENT_TEAM = F6W4X4NA3Q;
				GENERATE_INFOPLIST_FILE = YES;
				LD_RUNPATH_SEARCH_PATHS = (
					"$(inherited)",
					"@executable_path/../Frameworks",
					"@loader_path/../Frameworks",
				);
				MACOSX_DEPLOYMENT_TARGET = 11.3;
				MARKETING_VERSION = 1.0;
				PRODUCT_BUNDLE_IDENTIFIER = "-12PPantry.Tests-macOS";
				PRODUCT_NAME = "$(TARGET_NAME)";
				SDKROOT = macosx;
				SWIFT_EMIT_LOC_STRINGS = NO;
				SWIFT_VERSION = 5.0;
				TEST_TARGET_NAME = "312Pantry (macOS)";
			};
			name = Debug;
		};
		709F24D4272226D100657E79 /* Release */ = {
			isa = XCBuildConfiguration;
			buildSettings = {
				ALWAYS_EMBED_SWIFT_STANDARD_LIBRARIES = YES;
				CODE_SIGN_STYLE = Automatic;
				COMBINE_HIDPI_IMAGES = YES;
				CURRENT_PROJECT_VERSION = 1;
				DEVELOPMENT_TEAM = F6W4X4NA3Q;
				GENERATE_INFOPLIST_FILE = YES;
				LD_RUNPATH_SEARCH_PATHS = (
					"$(inherited)",
					"@executable_path/../Frameworks",
					"@loader_path/../Frameworks",
				);
				MACOSX_DEPLOYMENT_TARGET = 11.3;
				MARKETING_VERSION = 1.0;
				PRODUCT_BUNDLE_IDENTIFIER = "-12PPantry.Tests-macOS";
				PRODUCT_NAME = "$(TARGET_NAME)";
				SDKROOT = macosx;
				SWIFT_EMIT_LOC_STRINGS = NO;
				SWIFT_VERSION = 5.0;
				TEST_TARGET_NAME = "312Pantry (macOS)";
			};
			name = Release;
		};
/* End XCBuildConfiguration section */

/* Begin XCConfigurationList section */
		709F2490272226CF00657E79 /* Build configuration list for PBXProject "312Pantry" */ = {
			isa = XCConfigurationList;
			buildConfigurations = (
				709F24C7272226D100657E79 /* Debug */,
				709F24C8272226D100657E79 /* Release */,
			);
			defaultConfigurationIsVisible = 0;
			defaultConfigurationName = Release;
		};
		709F24C9272226D100657E79 /* Build configuration list for PBXNativeTarget "312Pantry (iOS)" */ = {
			isa = XCConfigurationList;
			buildConfigurations = (
				709F24CA272226D100657E79 /* Debug */,
				709F24CB272226D100657E79 /* Release */,
			);
			defaultConfigurationIsVisible = 0;
			defaultConfigurationName = Release;
		};
		709F24CC272226D100657E79 /* Build configuration list for PBXNativeTarget "312Pantry (macOS)" */ = {
			isa = XCConfigurationList;
			buildConfigurations = (
				709F24CD272226D100657E79 /* Debug */,
				709F24CE272226D100657E79 /* Release */,
			);
			defaultConfigurationIsVisible = 0;
			defaultConfigurationName = Release;
		};
		709F24CF272226D100657E79 /* Build configuration list for PBXNativeTarget "Tests iOS" */ = {
			isa = XCConfigurationList;
			buildConfigurations = (
				709F24D0272226D100657E79 /* Debug */,
				709F24D1272226D100657E79 /* Release */,
			);
			defaultConfigurationIsVisible = 0;
			defaultConfigurationName = Release;
		};
		709F24D2272226D100657E79 /* Build configuration list for PBXNativeTarget "Tests macOS" */ = {
			isa = XCConfigurationList;
			buildConfigurations = (
				709F24D3272226D100657E79 /* Debug */,
				709F24D4272226D100657E79 /* Release */,
			);
			defaultConfigurationIsVisible = 0;
			defaultConfigurationName = Release;
		};
/* End XCConfigurationList section */

/* Begin XCVersionGroup section */
		709F2492272226CF00657E79 /* _12Pantry.xcdatamodeld */ = {
			isa = XCVersionGroup;
			children = (
				709F2493272226CF00657E79 /* Shared.xcdatamodel */,
			);
			currentVersion = 709F2493272226CF00657E79 /* Shared.xcdatamodel */;
			path = _12Pantry.xcdatamodeld;
			sourceTree = "<group>";
			versionGroupType = wrapper.xcdatamodel;
		};
/* End XCVersionGroup section */
	};
	rootObject = 709F248D272226CF00657E79 /* Project object */;
}
